Microsoft Visual Studio Solution File, Format Version 8.00
Project("{F184B08F-C81C-45F6-A57F-5ABD9991F28F}") = "SkinPNA3", "SkinPNA3\SkinPNA3.vbproj", "{B674BA8C-15DF-48C6-8FB9-CD1F8DA72CCC}"
	ProjectSection(ProjectDependencies) = postProject
	EndProjectSection
EndProject
Global
	GlobalSection(SolutionConfiguration) = preSolution
		Debug = Debug
		Release = Release
	EndGlobalSection
	GlobalSection(ProjectConfiguration) = postSolution
		{B674BA8C-15DF-48C6-8FB9-CD1F8DA72CCC}.Debug.ActiveCfg = Debug|.NET
		{B674BA8C-15DF-48C6-8FB9-CD1F8DA72CCC}.Debug.Build.0 = Debug|.NET
		{B674BA8C-15DF-48C6-8FB9-CD1F8DA72CCC}.Release.ActiveCfg = Release|.NET
		{B674BA8C-15DF-48C6-8FB9-CD1F8DA72CCC}.Release.Build.0 = Release|.NET
	EndGlobalSection
	GlobalSection(ExtensibilityGlobals) = postSolution
	EndGlobalSection
	GlobalSection(ExtensibilityAddIns) = postSolution
	EndGlobalSection
EndGlobal
